
Microsoft Visual Studio Solution File, Format Version 12.00
# Visual Studio 15
VisualStudioVersion = 15.0.28307.779
MinimumVisualStudioVersion = 10.0.40219.1
Project("{8BC9CEB8-8B4A-11D0-8D11-00A0C91BC942}") = "Example03", "Example03\Example03.vcxproj", "{5F1857E7-B385-491A-B41F-1B937B4D4354}"
EndProject
Project("{8BC9CEB8-8B4A-11D0-8D11-00A0C91BC942}") = "custom_drawable", "custom_drawable\custom_drawable.vcxproj", "{2080DD3E-BC16-479D-A914-F736DD7E3F7B}"
EndProject
Project("{8BC9CEB8-8B4A-11D0-8D11-00A0C91BC942}") = "primitive_restart", "primitive_restart\primitive_restart.vcxproj", "{98080C27-6036-4444-AE73-9CF7DDB44DDE}"
EndProject
Project("{2150E333-8FDC-42A3-9474-1A3956D46DE8}") = "osg", "osg", "{F86D3070-2D80-4847-BFF1-A4D9E0353426}"
EndProject
Project("{2150E333-8FDC-42A3-9474-1A3956D46DE8}") = "glus", "glus", "{9EE59349-BEAA-46D3-9636-597F689A7B60}"
EndProject
Project("{8BC9CEB8-8B4A-11D0-8D11-00A0C91BC942}") = "out_line", "out_line\out_line.vcxproj", "{4C91CD3C-AC2B-4CD7-9B6A-EC4AEF33FCC2}"
EndProject
Project("{8BC9CEB8-8B4A-11D0-8D11-00A0C91BC942}") = "contour", "contour\contour.vcxproj", "{03B02823-5F32-4DB5-AF1D-7BB4CB020260}"
EndProject
Project("{8BC9CEB8-8B4A-11D0-8D11-00A0C91BC942}") = "pixel_pick", "pixel_pick\pixel_pick.vcxproj", "{986DD8FC-7EE0-4129-8324-01F827874001}"
EndProject
Project("{8BC9CEB8-8B4A-11D0-8D11-00A0C91BC942}") = "cull", "cull\cull.vcxproj", "{AFD6E089-4966-4C5D-8135-E53FDB8F9947}"
EndProject
Project("{8BC9CEB8-8B4A-11D0-8D11-00A0C91BC942}") = "kdtree", "kdtree\kdtree.vcxproj", "{C1E0A3AB-307A-4C5D-9F5D-DB4E9E975CCA}"
EndProject
Project("{8BC9CEB8-8B4A-11D0-8D11-00A0C91BC942}") = "ibl", "ibl\ibl.vcxproj", "{80745B34-EEE8-419A-8F6D-089AA9FD6803}"
EndProject
Global
	GlobalSection(SolutionConfigurationPlatforms) = preSolution
		Debug|x64 = Debug|x64
		Debug|x86 = Debug|x86
		Release|x64 = Release|x64
		Release|x86 = Release|x86
	EndGlobalSection
	GlobalSection(ProjectConfigurationPlatforms) = postSolution
		{5F1857E7-B385-491A-B41F-1B937B4D4354}.Debug|x64.ActiveCfg = Debug|x64
		{5F1857E7-B385-491A-B41F-1B937B4D4354}.Debug|x64.Build.0 = Debug|x64
		{5F1857E7-B385-491A-B41F-1B937B4D4354}.Debug|x86.ActiveCfg = Debug|Win32
		{5F1857E7-B385-491A-B41F-1B937B4D4354}.Debug|x86.Build.0 = Debug|Win32
		{5F1857E7-B385-491A-B41F-1B937B4D4354}.Release|x64.ActiveCfg = Release|x64
		{5F1857E7-B385-491A-B41F-1B937B4D4354}.Release|x64.Build.0 = Release|x64
		{5F1857E7-B385-491A-B41F-1B937B4D4354}.Release|x86.ActiveCfg = Release|Win32
		{5F1857E7-B385-491A-B41F-1B937B4D4354}.Release|x86.Build.0 = Release|Win32
		{2080DD3E-BC16-479D-A914-F736DD7E3F7B}.Debug|x64.ActiveCfg = Debug|x64
		{2080DD3E-BC16-479D-A914-F736DD7E3F7B}.Debug|x64.Build.0 = Debug|x64
		{2080DD3E-BC16-479D-A914-F736DD7E3F7B}.Debug|x86.ActiveCfg = Debug|Win32
		{2080DD3E-BC16-479D-A914-F736DD7E3F7B}.Debug|x86.Build.0 = Debug|Win32
		{2080DD3E-BC16-479D-A914-F736DD7E3F7B}.Release|x64.ActiveCfg = Release|x64
		{2080DD3E-BC16-479D-A914-F736DD7E3F7B}.Release|x64.Build.0 = Release|x64
		{2080DD3E-BC16-479D-A914-F736DD7E3F7B}.Release|x86.ActiveCfg = Release|Win32
		{2080DD3E-BC16-479D-A914-F736DD7E3F7B}.Release|x86.Build.0 = Release|Win32
		{98080C27-6036-4444-AE73-9CF7DDB44DDE}.Debug|x64.ActiveCfg = Debug|x64
		{98080C27-6036-4444-AE73-9CF7DDB44DDE}.Debug|x64.Build.0 = Debug|x64
		{98080C27-6036-4444-AE73-9CF7DDB44DDE}.Debug|x86.ActiveCfg = Debug|Win32
		{98080C27-6036-4444-AE73-9CF7DDB44DDE}.Debug|x86.Build.0 = Debug|Win32
		{98080C27-6036-4444-AE73-9CF7DDB44DDE}.Release|x64.ActiveCfg = Release|x64
		{98080C27-6036-4444-AE73-9CF7DDB44DDE}.Release|x64.Build.0 = Release|x64
		{98080C27-6036-4444-AE73-9CF7DDB44DDE}.Release|x86.ActiveCfg = Release|Win32
		{98080C27-6036-4444-AE73-9CF7DDB44DDE}.Release|x86.Build.0 = Release|Win32
		{4C91CD3C-AC2B-4CD7-9B6A-EC4AEF33FCC2}.Debug|x64.ActiveCfg = Debug|x64
		{4C91CD3C-AC2B-4CD7-9B6A-EC4AEF33FCC2}.Debug|x64.Build.0 = Debug|x64
		{4C91CD3C-AC2B-4CD7-9B6A-EC4AEF33FCC2}.Debug|x86.ActiveCfg = Debug|Win32
		{4C91CD3C-AC2B-4CD7-9B6A-EC4AEF33FCC2}.Debug|x86.Build.0 = Debug|Win32
		{4C91CD3C-AC2B-4CD7-9B6A-EC4AEF33FCC2}.Release|x64.ActiveCfg = Release|x64
		{4C91CD3C-AC2B-4CD7-9B6A-EC4AEF33FCC2}.Release|x64.Build.0 = Release|x64
		{4C91CD3C-AC2B-4CD7-9B6A-EC4AEF33FCC2}.Release|x86.ActiveCfg = Release|Win32
		{4C91CD3C-AC2B-4CD7-9B6A-EC4AEF33FCC2}.Release|x86.Build.0 = Release|Win32
		{03B02823-5F32-4DB5-AF1D-7BB4CB020260}.Debug|x64.ActiveCfg = Debug|x64
		{03B02823-5F32-4DB5-AF1D-7BB4CB020260}.Debug|x64.Build.0 = Debug|x64
		{03B02823-5F32-4DB5-AF1D-7BB4CB020260}.Debug|x86.ActiveCfg = Debug|Win32
		{03B02823-5F32-4DB5-AF1D-7BB4CB020260}.Debug|x86.Build.0 = Debug|Win32
		{03B02823-5F32-4DB5-AF1D-7BB4CB020260}.Release|x64.ActiveCfg = Release|x64
		{03B02823-5F32-4DB5-AF1D-7BB4CB020260}.Release|x64.Build.0 = Release|x64
		{03B02823-5F32-4DB5-AF1D-7BB4CB020260}.Release|x86.ActiveCfg = Release|Win32
		{03B02823-5F32-4DB5-AF1D-7BB4CB020260}.Release|x86.Build.0 = Release|Win32
		{986DD8FC-7EE0-4129-8324-01F827874001}.Debug|x64.ActiveCfg = Debug|x64
		{986DD8FC-7EE0-4129-8324-01F827874001}.Debug|x64.Build.0 = Debug|x64
		{986DD8FC-7EE0-4129-8324-01F827874001}.Debug|x86.ActiveCfg = Debug|Win32
		{986DD8FC-7EE0-4129-8324-01F827874001}.Debug|x86.Build.0 = Debug|Win32
		{986DD8FC-7EE0-4129-8324-01F827874001}.Release|x64.ActiveCfg = Release|x64
		{986DD8FC-7EE0-4129-8324-01F827874001}.Release|x64.Build.0 = Release|x64
		{986DD8FC-7EE0-4129-8324-01F827874001}.Release|x86.ActiveCfg = Release|Win32
		{986DD8FC-7EE0-4129-8324-01F827874001}.Release|x86.Build.0 = Release|Win32
		{AFD6E089-4966-4C5D-8135-E53FDB8F9947}.Debug|x64.ActiveCfg = Debug|x64
		{AFD6E089-4966-4C5D-8135-E53FDB8F9947}.Debug|x64.Build.0 = Debug|x64
		{AFD6E089-4966-4C5D-8135-E53FDB8F9947}.Debug|x86.ActiveCfg = Debug|Win32
		{AFD6E089-4966-4C5D-8135-E53FDB8F9947}.Debug|x86.Build.0 = Debug|Win32
		{AFD6E089-4966-4C5D-8135-E53FDB8F9947}.Release|x64.ActiveCfg = Release|x64
		{AFD6E089-4966-4C5D-8135-E53FDB8F9947}.Release|x64.Build.0 = Release|x64
		{AFD6E089-4966-4C5D-8135-E53FDB8F9947}.Release|x86.ActiveCfg = Release|Win32
		{AFD6E089-4966-4C5D-8135-E53FDB8F9947}.Release|x86.Build.0 = Release|Win32
		{C1E0A3AB-307A-4C5D-9F5D-DB4E9E975CCA}.Debug|x64.ActiveCfg = Debug|x64
		{C1E0A3AB-307A-4C5D-9F5D-DB4E9E975CCA}.Debug|x64.Build.0 = Debug|x64
		{C1E0A3AB-307A-4C5D-9F5D-DB4E9E975CCA}.Debug|x86.ActiveCfg = Debug|Win32
		{C1E0A3AB-307A-4C5D-9F5D-DB4E9E975CCA}.Debug|x86.Build.0 = Debug|Win32
		{C1E0A3AB-307A-4C5D-9F5D-DB4E9E975CCA}.Release|x64.ActiveCfg = Release|x64
		{C1E0A3AB-307A-4C5D-9F5D-DB4E9E975CCA}.Release|x64.Build.0 = Release|x64
		{C1E0A3AB-307A-4C5D-9F5D-DB4E9E975CCA}.Release|x86.ActiveCfg = Release|Win32
		{C1E0A3AB-307A-4C5D-9F5D-DB4E9E975CCA}.Release|x86.Build.0 = Release|Win32
		{80745B34-EEE8-419A-8F6D-089AA9FD6803}.Debug|x64.ActiveCfg = Debug|x64
		{80745B34-EEE8-419A-8F6D-089AA9FD6803}.Debug|x64.Build.0 = Debug|x64
		{80745B34-EEE8-419A-8F6D-089AA9FD6803}.Debug|x86.ActiveCfg = Debug|Win32
		{80745B34-EEE8-419A-8F6D-089AA9FD6803}.Debug|x86.Build.0 = Debug|Win32
		{80745B34-EEE8-419A-8F6D-089AA9FD6803}.Release|x64.ActiveCfg = Release|x64
		{80745B34-EEE8-419A-8F6D-089AA9FD6803}.Release|x64.Build.0 = Release|x64
		{80745B34-EEE8-419A-8F6D-089AA9FD6803}.Release|x86.ActiveCfg = Release|Win32
		{80745B34-EEE8-419A-8F6D-089AA9FD6803}.Release|x86.Build.0 = Release|Win32
	EndGlobalSection
	GlobalSection(SolutionProperties) = preSolution
		HideSolutionNode = FALSE
	EndGlobalSection
	GlobalSection(NestedProjects) = preSolution
		{5F1857E7-B385-491A-B41F-1B937B4D4354} = {9EE59349-BEAA-46D3-9636-597F689A7B60}
		{2080DD3E-BC16-479D-A914-F736DD7E3F7B} = {F86D3070-2D80-4847-BFF1-A4D9E0353426}
		{98080C27-6036-4444-AE73-9CF7DDB44DDE} = {F86D3070-2D80-4847-BFF1-A4D9E0353426}
		{4C91CD3C-AC2B-4CD7-9B6A-EC4AEF33FCC2} = {F86D3070-2D80-4847-BFF1-A4D9E0353426}
		{03B02823-5F32-4DB5-AF1D-7BB4CB020260} = {F86D3070-2D80-4847-BFF1-A4D9E0353426}
		{986DD8FC-7EE0-4129-8324-01F827874001} = {F86D3070-2D80-4847-BFF1-A4D9E0353426}
		{AFD6E089-4966-4C5D-8135-E53FDB8F9947} = {F86D3070-2D80-4847-BFF1-A4D9E0353426}
		{C1E0A3AB-307A-4C5D-9F5D-DB4E9E975CCA} = {F86D3070-2D80-4847-BFF1-A4D9E0353426}
		{80745B34-EEE8-419A-8F6D-089AA9FD6803} = {F86D3070-2D80-4847-BFF1-A4D9E0353426}
	EndGlobalSection
	GlobalSection(ExtensibilityGlobals) = postSolution
		SolutionGuid = {6E50A045-43C6-4C21-81A1-66F79702C4E5}
	EndGlobalSection
EndGlobal
